
Microsoft Visual Studio Solution File, Format Version 12.00
# Visual Studio Version 17
VisualStudioVersion = 17.0.31903.59
MinimumVisualStudioVersion = 10.0.40219.1
Project("{2150E333-8FDC-42A3-9474-1A3956D46DE8}") = "src", "src", "{827E0CD3-B72D-47B6-A68D-7590B98EB39B}"
EndProject
Project("{FAE04EC0-301F-11D3-BF4B-00C04F79EFBC}") = "Airport.Data", "src\Airport.Data\Airport.Data.csproj", "{29D381A0-E55C-4FD3-9CD6-DCBCD52846F5}"
EndProject
Project("{FAE04EC0-301F-11D3-BF4B-00C04F79EFBC}") = "Airport.Business", "src\Airport.Business\Airport.Business.csproj", "{043B05C6-395D-4B1B-B9D7-61AE47B5323C}"
EndProject
Project("{FAE04EC0-301F-11D3-BF4B-00C04F79EFBC}") = "Airport.Server", "src\Airport.Server\Airport.Server.csproj", "{DE7634C2-0D11-431B-8863-CF7EDE8C7795}"
EndProject
Project("{FAE04EC0-301F-11D3-BF4B-00C04F79EFBC}") = "Airport.DisplayWeb", "src\Airport.DisplayWeb\Airport.DisplayWeb.csproj", "{9185CD41-459B-4804-A8CC-9F234A91D752}"
EndProject
Project("{FAE04EC0-301F-11D3-BF4B-00C04F79EFBC}") = "Airport.KioskClient", "src\Airport.KioskClient\Airport.KioskClient.csproj", "{ECBF342B-89A9-49BD-AC1E-01F16E098B23}"
EndProject
Global
	GlobalSection(SolutionConfigurationPlatforms) = preSolution
		Debug|Any CPU = Debug|Any CPU
		Debug|x64 = Debug|x64
		Debug|x86 = Debug|x86
		Release|Any CPU = Release|Any CPU
		Release|x64 = Release|x64
		Release|x86 = Release|x86
	EndGlobalSection
	GlobalSection(ProjectConfigurationPlatforms) = postSolution
		{29D381A0-E55C-4FD3-9CD6-DCBCD52846F5}.Debug|Any CPU.ActiveCfg = Debug|Any CPU
		{29D381A0-E55C-4FD3-9CD6-DCBCD52846F5}.Debug|Any CPU.Build.0 = Debug|Any CPU
		{29D381A0-E55C-4FD3-9CD6-DCBCD52846F5}.Debug|x64.ActiveCfg = Debug|Any CPU
		{29D381A0-E55C-4FD3-9CD6-DCBCD52846F5}.Debug|x64.Build.0 = Debug|Any CPU
		{29D381A0-E55C-4FD3-9CD6-DCBCD52846F5}.Debug|x86.ActiveCfg = Debug|Any CPU
		{29D381A0-E55C-4FD3-9CD6-DCBCD52846F5}.Debug|x86.Build.0 = Debug|Any CPU
		{29D381A0-E55C-4FD3-9CD6-DCBCD52846F5}.Release|Any CPU.ActiveCfg = Release|Any CPU
		{29D381A0-E55C-4FD3-9CD6-DCBCD52846F5}.Release|Any CPU.Build.0 = Release|Any CPU
		{29D381A0-E55C-4FD3-9CD6-DCBCD52846F5}.Release|x64.ActiveCfg = Release|Any CPU
		{29D381A0-E55C-4FD3-9CD6-DCBCD52846F5}.Release|x64.Build.0 = Release|Any CPU
		{29D381A0-E55C-4FD3-9CD6-DCBCD52846F5}.Release|x86.ActiveCfg = Release|Any CPU
		{29D381A0-E55C-4FD3-9CD6-DCBCD52846F5}.Release|x86.Build.0 = Release|Any CPU
		{043B05C6-395D-4B1B-B9D7-61AE47B5323C}.Debug|Any CPU.ActiveCfg = Debug|Any CPU
		{043B05C6-395D-4B1B-B9D7-61AE47B5323C}.Debug|Any CPU.Build.0 = Debug|Any CPU
		{043B05C6-395D-4B1B-B9D7-61AE47B5323C}.Debug|x64.ActiveCfg = Debug|Any CPU
		{043B05C6-395D-4B1B-B9D7-61AE47B5323C}.Debug|x64.Build.0 = Debug|Any CPU
		{043B05C6-395D-4B1B-B9D7-61AE47B5323C}.Debug|x86.ActiveCfg = Debug|Any CPU
		{043B05C6-395D-4B1B-B9D7-61AE47B5323C}.Debug|x86.Build.0 = Debug|Any CPU
		{043B05C6-395D-4B1B-B9D7-61AE47B5323C}.Release|Any CPU.ActiveCfg = Release|Any CPU
		{043B05C6-395D-4B1B-B9D7-61AE47B5323C}.Release|Any CPU.Build.0 = Release|Any CPU
		{043B05C6-395D-4B1B-B9D7-61AE47B5323C}.Release|x64.ActiveCfg = Release|Any CPU
		{043B05C6-395D-4B1B-B9D7-61AE47B5323C}.Release|x64.Build.0 = Release|Any CPU
		{043B05C6-395D-4B1B-B9D7-61AE47B5323C}.Release|x86.ActiveCfg = Release|Any CPU
		{043B05C6-395D-4B1B-B9D7-61AE47B5323C}.Release|x86.Build.0 = Release|Any CPU
		{DE7634C2-0D11-431B-8863-CF7EDE8C7795}.Debug|Any CPU.ActiveCfg = Debug|Any CPU
		{DE7634C2-0D11-431B-8863-CF7EDE8C7795}.Debug|Any CPU.Build.0 = Debug|Any CPU
		{DE7634C2-0D11-431B-8863-CF7EDE8C7795}.Debug|x64.ActiveCfg = Debug|Any CPU
		{DE7634C2-0D11-431B-8863-CF7EDE8C7795}.Debug|x64.Build.0 = Debug|Any CPU
		{DE7634C2-0D11-431B-8863-CF7EDE8C7795}.Debug|x86.ActiveCfg = Debug|Any CPU
		{DE7634C2-0D11-431B-8863-CF7EDE8C7795}.Debug|x86.Build.0 = Debug|Any CPU
		{DE7634C2-0D11-431B-8863-CF7EDE8C7795}.Release|Any CPU.ActiveCfg = Release|Any CPU
		{DE7634C2-0D11-431B-8863-CF7EDE8C7795}.Release|Any CPU.Build.0 = Release|Any CPU
		{DE7634C2-0D11-431B-8863-CF7EDE8C7795}.Release|x64.ActiveCfg = Release|Any CPU
		{DE7634C2-0D11-431B-8863-CF7EDE8C7795}.Release|x64.Build.0 = Release|Any CPU
		{DE7634C2-0D11-431B-8863-CF7EDE8C7795}.Release|x86.ActiveCfg = Release|Any CPU
		{DE7634C2-0D11-431B-8863-CF7EDE8C7795}.Release|x86.Build.0 = Release|Any CPU
		{9185CD41-459B-4804-A8CC-9F234A91D752}.Debug|Any CPU.ActiveCfg = Debug|Any CPU
		{9185CD41-459B-4804-A8CC-9F234A91D752}.Debug|Any CPU.Build.0 = Debug|Any CPU
		{9185CD41-459B-4804-A8CC-9F234A91D752}.Debug|x64.ActiveCfg = Debug|Any CPU
		{9185CD41-459B-4804-A8CC-9F234A91D752}.Debug|x64.Build.0 = Debug|Any CPU
		{9185CD41-459B-4804-A8CC-9F234A91D752}.Debug|x86.ActiveCfg = Debug|Any CPU
		{9185CD41-459B-4804-A8CC-9F234A91D752}.Debug|x86.Build.0 = Debug|Any CPU
		{9185CD41-459B-4804-A8CC-9F234A91D752}.Release|Any CPU.ActiveCfg = Release|Any CPU
		{9185CD41-459B-4804-A8CC-9F234A91D752}.Release|Any CPU.Build.0 = Release|Any CPU
		{9185CD41-459B-4804-A8CC-9F234A91D752}.Release|x64.ActiveCfg = Release|Any CPU
		{9185CD41-459B-4804-A8CC-9F234A91D752}.Release|x64.Build.0 = Release|Any CPU
		{9185CD41-459B-4804-A8CC-9F234A91D752}.Release|x86.ActiveCfg = Release|Any CPU
		{9185CD41-459B-4804-A8CC-9F234A91D752}.Release|x86.Build.0 = Release|Any CPU
		{ECBF342B-89A9-49BD-AC1E-01F16E098B23}.Debug|Any CPU.ActiveCfg = Debug|Any CPU
		{ECBF342B-89A9-49BD-AC1E-01F16E098B23}.Debug|Any CPU.Build.0 = Debug|Any CPU
		{ECBF342B-89A9-49BD-AC1E-01F16E098B23}.Debug|x64.ActiveCfg = Debug|Any CPU
		{ECBF342B-89A9-49BD-AC1E-01F16E098B23}.Debug|x64.Build.0 = Debug|Any CPU
		{ECBF342B-89A9-49BD-AC1E-01F16E098B23}.Debug|x86.ActiveCfg = Debug|Any CPU
		{ECBF342B-89A9-49BD-AC1E-01F16E098B23}.Debug|x86.Build.0 = Debug|Any CPU
		{ECBF342B-89A9-49BD-AC1E-01F16E098B23}.Release|Any CPU.ActiveCfg = Release|Any CPU
		{ECBF342B-89A9-49BD-AC1E-01F16E098B23}.Release|Any CPU.Build.0 = Release|Any CPU
		{ECBF342B-89A9-49BD-AC1E-01F16E098B23}.Release|x64.ActiveCfg = Release|Any CPU
		{ECBF342B-89A9-49BD-AC1E-01F16E098B23}.Release|x64.Build.0 = Release|Any CPU
		{ECBF342B-89A9-49BD-AC1E-01F16E098B23}.Release|x86.ActiveCfg = Release|Any CPU
		{ECBF342B-89A9-49BD-AC1E-01F16E098B23}.Release|x86.Build.0 = Release|Any CPU
	EndGlobalSection
	GlobalSection(SolutionProperties) = preSolution
		HideSolutionNode = FALSE
	EndGlobalSection
	GlobalSection(NestedProjects) = preSolution
		{29D381A0-E55C-4FD3-9CD6-DCBCD52846F5} = {827E0CD3-B72D-47B6-A68D-7590B98EB39B}
		{043B05C6-395D-4B1B-B9D7-61AE47B5323C} = {827E0CD3-B72D-47B6-A68D-7590B98EB39B}
		{DE7634C2-0D11-431B-8863-CF7EDE8C7795} = {827E0CD3-B72D-47B6-A68D-7590B98EB39B}
		{9185CD41-459B-4804-A8CC-9F234A91D752} = {827E0CD3-B72D-47B6-A68D-7590B98EB39B}
		{ECBF342B-89A9-49BD-AC1E-01F16E098B23} = {827E0CD3-B72D-47B6-A68D-7590B98EB39B}
	EndGlobalSection
	GlobalSection(ExtensibilityGlobals) = postSolution
		SolutionGuid = {BFC1B696-438A-473B-9B07-A8E3C11EADA3}
	EndGlobalSection
EndGlobal
